
Microsoft Visual Studio Solution File, Format Version 12.00
# Visual Studio 15
VisualStudioVersion = 15.0.28010.2041
MinimumVisualStudioVersion = 10.0.40219.1
Project("{2150E333-8FDC-42A3-9474-1A3956D46DE8}") = "Abstractions", "Abstractions", "{851C2636-32FC-4B2F-958A-CDA3D2D17FE2}"
EndProject
Project("{FAE04EC0-301F-11D3-BF4B-00C04F79EFBC}") = "AMC.Core.Abstractions.Cache", "Abstractions\AMC.Core.Abstractions.Cache\AMC.Core.Abstractions.Cache.csproj", "{6B509A26-0EEA-40BC-8FD1-99F1752D37B6}"
EndProject
Global
	GlobalSection(SolutionConfigurationPlatforms) = preSolution
		Debug|Any CPU = Debug|Any CPU
		Release|Any CPU = Release|Any CPU
	EndGlobalSection
	GlobalSection(ProjectConfigurationPlatforms) = postSolution
		{6B509A26-0EEA-40BC-8FD1-99F1752D37B6}.Debug|Any CPU.ActiveCfg = Debug|Any CPU
		{6B509A26-0EEA-40BC-8FD1-99F1752D37B6}.Debug|Any CPU.Build.0 = Debug|Any CPU
		{6B509A26-0EEA-40BC-8FD1-99F1752D37B6}.Release|Any CPU.ActiveCfg = Release|Any CPU
		{6B509A26-0EEA-40BC-8FD1-99F1752D37B6}.Release|Any CPU.Build.0 = Release|Any CPU
	EndGlobalSection
	GlobalSection(SolutionProperties) = preSolution
		HideSolutionNode = FALSE
	EndGlobalSection
	GlobalSection(NestedProjects) = preSolution
		{6B509A26-0EEA-40BC-8FD1-99F1752D37B6} = {851C2636-32FC-4B2F-958A-CDA3D2D17FE2}
	EndGlobalSection
	GlobalSection(ExtensibilityGlobals) = postSolution
		SolutionGuid = {8BE01E95-B84F-4BEF-87F6-0041B806229B}
	EndGlobalSection
EndGlobal
