
Microsoft Visual Studio Solution File, Format Version 12.00
# Visual Studio 15
VisualStudioVersion = 15.0.28010.2041
MinimumVisualStudioVersion = 10.0.40219.1
Project("{2150E333-8FDC-42A3-9474-1A3956D46DE8}") = "Abstractions", "Abstractions", "{851C2636-32FC-4B2F-958A-CDA3D2D17FE2}"
EndProject
Project("{2150E333-8FDC-42A3-9474-1A3956D46DE8}") = "Cache", "Cache", "{2B606890-FBDA-4EB1-9007-E7656ABF5684}"
EndProject
Project("{9A19103F-16F7-4668-BE54-9A1E7A4F7556}") = "AMC.Core.BaseCache", "Cache\AMC.Core.BaseCache\AMC.Core.BaseCache.csproj", "{2184F99E-8BC2-4FBA-8B23-10E8D277799D}"
EndProject
Project("{9A19103F-16F7-4668-BE54-9A1E7A4F7556}") = "AMC.Core.MS.Extention.Cache", "Cache\AMC.Core.MS.Extention.Cache\AMC.Core.MS.Extention.Cache.csproj", "{460305C0-5A43-40A9-9FE1-ED439D31E546}"
EndProject
Project("{9A19103F-16F7-4668-BE54-9A1E7A4F7556}") = "AMC.Core.MS.Extention.Redis.Cache", "Cache\AMC.Core.MS.Extention.Redis.Cache\AMC.Core.MS.Extention.Redis.Cache.csproj", "{CC118433-28F0-4E46-8EC4-37371E2F670D}"
EndProject
Project("{2150E333-8FDC-42A3-9474-1A3956D46DE8}") = "Core", "Core", "{002D0C75-E154-4921-94C7-9306D6A3324C}"
EndProject
Project("{2150E333-8FDC-42A3-9474-1A3956D46DE8}") = "Testing", "Testing", "{0AC65449-308F-411B-B80D-6A7180C25430}"
EndProject
Project("{FAE04EC0-301F-11D3-BF4B-00C04F79EFBC}") = "Testing", "Testing\Testing\Testing.csproj", "{B0A35D2A-A27C-4964-ADF5-4398373C11E4}"
EndProject
Project("{2150E333-8FDC-42A3-9474-1A3956D46DE8}") = "Loggers", "Loggers", "{721E0BF3-630B-4F53-AFD4-C02F26EF4070}"
EndProject
Project("{2150E333-8FDC-42A3-9474-1A3956D46DE8}") = "Logic", "Logic", "{89E79EE7-8BD2-4489-A7FF-3B5AF91DB28C}"
EndProject
Project("{2150E333-8FDC-42A3-9474-1A3956D46DE8}") = "DataStorages", "DataStorages", "{E138A6C0-93C8-4477-8149-80C68F337D03}"
EndProject
Project("{9A19103F-16F7-4668-BE54-9A1E7A4F7556}") = "AMC.Core.Log4Net", "Loggers\AMC.Core.Log4Net\AMC.Core.Log4Net.csproj", "{B45A9BB0-996F-43EB-AD13-C8B1A94EECE5}"
EndProject
Project("{9A19103F-16F7-4668-BE54-9A1E7A4F7556}") = "AMC.Core.DataStorages.MSSQLDataProvider", "DataStorages\AMC.Core.DataStorages.MSSQLDataProvider\AMC.Core.DataStorages.MSSQLDataProvider.csproj", "{A996FD14-BD6C-4914-B144-A545FC204CB7}"
EndProject
Project("{9A19103F-16F7-4668-BE54-9A1E7A4F7556}") = "AMC.Core.Abstractions", "Abstractions\AMC.Core.Abstractions\AMC.Core.Abstractions.csproj", "{C1C9182A-BAAE-4099-A7CF-F64A4A21D9FB}"
EndProject
Project("{9A19103F-16F7-4668-BE54-9A1E7A4F7556}") = "AMC.Core.BasicQuantums", "Core\AMC.Core.BasicQuantums\AMC.Core.BasicQuantums.csproj", "{A7621F56-6776-4F73-90E4-60792B028170}"
EndProject
Project("{9A19103F-16F7-4668-BE54-9A1E7A4F7556}") = "AMC.Core.DataStorages.MSSQLQuantumDataProvider", "DataStorages\AMC.Core.DataStorages.MSSQLQuantumDataProvider\AMC.Core.DataStorages.MSSQLQuantumDataProvider.csproj", "{AAE35F66-E125-45E8-9B56-998359E20C52}"
EndProject
Project("{2150E333-8FDC-42A3-9474-1A3956D46DE8}") = "Utils", "Utils", "{09262704-3C9E-47EB-B604-4AD9684EA9F7}"
EndProject
Project("{FAE04EC0-301F-11D3-BF4B-00C04F79EFBC}") = "AMC.Core.Utils.KeyGenerator", "Utils\AMC.Core.Utils.KeyGenerator\AMC.Core.Utils.KeyGenerator.csproj", "{4AF6A46C-C895-488E-8811-5C8295FE7336}"
EndProject
Global
	GlobalSection(SolutionConfigurationPlatforms) = preSolution
		Debug|Any CPU = Debug|Any CPU
		Release|Any CPU = Release|Any CPU
	EndGlobalSection
	GlobalSection(ProjectConfigurationPlatforms) = postSolution
		{2184F99E-8BC2-4FBA-8B23-10E8D277799D}.Debug|Any CPU.ActiveCfg = Debug|Any CPU
		{2184F99E-8BC2-4FBA-8B23-10E8D277799D}.Debug|Any CPU.Build.0 = Debug|Any CPU
		{2184F99E-8BC2-4FBA-8B23-10E8D277799D}.Release|Any CPU.ActiveCfg = Release|Any CPU
		{2184F99E-8BC2-4FBA-8B23-10E8D277799D}.Release|Any CPU.Build.0 = Release|Any CPU
		{460305C0-5A43-40A9-9FE1-ED439D31E546}.Debug|Any CPU.ActiveCfg = Debug|Any CPU
		{460305C0-5A43-40A9-9FE1-ED439D31E546}.Debug|Any CPU.Build.0 = Debug|Any CPU
		{460305C0-5A43-40A9-9FE1-ED439D31E546}.Release|Any CPU.ActiveCfg = Release|Any CPU
		{460305C0-5A43-40A9-9FE1-ED439D31E546}.Release|Any CPU.Build.0 = Release|Any CPU
		{CC118433-28F0-4E46-8EC4-37371E2F670D}.Debug|Any CPU.ActiveCfg = Debug|Any CPU
		{CC118433-28F0-4E46-8EC4-37371E2F670D}.Debug|Any CPU.Build.0 = Debug|Any CPU
		{CC118433-28F0-4E46-8EC4-37371E2F670D}.Release|Any CPU.ActiveCfg = Release|Any CPU
		{CC118433-28F0-4E46-8EC4-37371E2F670D}.Release|Any CPU.Build.0 = Release|Any CPU
		{B0A35D2A-A27C-4964-ADF5-4398373C11E4}.Debug|Any CPU.ActiveCfg = Debug|Any CPU
		{B0A35D2A-A27C-4964-ADF5-4398373C11E4}.Debug|Any CPU.Build.0 = Debug|Any CPU
		{B0A35D2A-A27C-4964-ADF5-4398373C11E4}.Release|Any CPU.ActiveCfg = Release|Any CPU
		{B0A35D2A-A27C-4964-ADF5-4398373C11E4}.Release|Any CPU.Build.0 = Release|Any CPU
		{B45A9BB0-996F-43EB-AD13-C8B1A94EECE5}.Debug|Any CPU.ActiveCfg = Debug|Any CPU
		{B45A9BB0-996F-43EB-AD13-C8B1A94EECE5}.Debug|Any CPU.Build.0 = Debug|Any CPU
		{B45A9BB0-996F-43EB-AD13-C8B1A94EECE5}.Release|Any CPU.ActiveCfg = Release|Any CPU
		{B45A9BB0-996F-43EB-AD13-C8B1A94EECE5}.Release|Any CPU.Build.0 = Release|Any CPU
		{A996FD14-BD6C-4914-B144-A545FC204CB7}.Debug|Any CPU.ActiveCfg = Debug|Any CPU
		{A996FD14-BD6C-4914-B144-A545FC204CB7}.Debug|Any CPU.Build.0 = Debug|Any CPU
		{A996FD14-BD6C-4914-B144-A545FC204CB7}.Release|Any CPU.ActiveCfg = Release|Any CPU
		{A996FD14-BD6C-4914-B144-A545FC204CB7}.Release|Any CPU.Build.0 = Release|Any CPU
		{C1C9182A-BAAE-4099-A7CF-F64A4A21D9FB}.Debug|Any CPU.ActiveCfg = Debug|Any CPU
		{C1C9182A-BAAE-4099-A7CF-F64A4A21D9FB}.Debug|Any CPU.Build.0 = Debug|Any CPU
		{C1C9182A-BAAE-4099-A7CF-F64A4A21D9FB}.Release|Any CPU.ActiveCfg = Release|Any CPU
		{C1C9182A-BAAE-4099-A7CF-F64A4A21D9FB}.Release|Any CPU.Build.0 = Release|Any CPU
		{A7621F56-6776-4F73-90E4-60792B028170}.Debug|Any CPU.ActiveCfg = Debug|Any CPU
		{A7621F56-6776-4F73-90E4-60792B028170}.Debug|Any CPU.Build.0 = Debug|Any CPU
		{A7621F56-6776-4F73-90E4-60792B028170}.Release|Any CPU.ActiveCfg = Release|Any CPU
		{A7621F56-6776-4F73-90E4-60792B028170}.Release|Any CPU.Build.0 = Release|Any CPU
		{AAE35F66-E125-45E8-9B56-998359E20C52}.Debug|Any CPU.ActiveCfg = Debug|Any CPU
		{AAE35F66-E125-45E8-9B56-998359E20C52}.Debug|Any CPU.Build.0 = Debug|Any CPU
		{AAE35F66-E125-45E8-9B56-998359E20C52}.Release|Any CPU.ActiveCfg = Release|Any CPU
		{AAE35F66-E125-45E8-9B56-998359E20C52}.Release|Any CPU.Build.0 = Release|Any CPU
		{4AF6A46C-C895-488E-8811-5C8295FE7336}.Debug|Any CPU.ActiveCfg = Debug|Any CPU
		{4AF6A46C-C895-488E-8811-5C8295FE7336}.Debug|Any CPU.Build.0 = Debug|Any CPU
		{4AF6A46C-C895-488E-8811-5C8295FE7336}.Release|Any CPU.ActiveCfg = Release|Any CPU
		{4AF6A46C-C895-488E-8811-5C8295FE7336}.Release|Any CPU.Build.0 = Release|Any CPU
	EndGlobalSection
	GlobalSection(SolutionProperties) = preSolution
		HideSolutionNode = FALSE
	EndGlobalSection
	GlobalSection(NestedProjects) = preSolution
		{2184F99E-8BC2-4FBA-8B23-10E8D277799D} = {2B606890-FBDA-4EB1-9007-E7656ABF5684}
		{460305C0-5A43-40A9-9FE1-ED439D31E546} = {2B606890-FBDA-4EB1-9007-E7656ABF5684}
		{CC118433-28F0-4E46-8EC4-37371E2F670D} = {2B606890-FBDA-4EB1-9007-E7656ABF5684}
		{B0A35D2A-A27C-4964-ADF5-4398373C11E4} = {0AC65449-308F-411B-B80D-6A7180C25430}
		{B45A9BB0-996F-43EB-AD13-C8B1A94EECE5} = {721E0BF3-630B-4F53-AFD4-C02F26EF4070}
		{A996FD14-BD6C-4914-B144-A545FC204CB7} = {E138A6C0-93C8-4477-8149-80C68F337D03}
		{C1C9182A-BAAE-4099-A7CF-F64A4A21D9FB} = {851C2636-32FC-4B2F-958A-CDA3D2D17FE2}
		{A7621F56-6776-4F73-90E4-60792B028170} = {002D0C75-E154-4921-94C7-9306D6A3324C}
		{AAE35F66-E125-45E8-9B56-998359E20C52} = {E138A6C0-93C8-4477-8149-80C68F337D03}
		{4AF6A46C-C895-488E-8811-5C8295FE7336} = {09262704-3C9E-47EB-B604-4AD9684EA9F7}
	EndGlobalSection
	GlobalSection(ExtensibilityGlobals) = postSolution
		SolutionGuid = {8BE01E95-B84F-4BEF-87F6-0041B806229B}
	EndGlobalSection
EndGlobal
